
Microsoft Visual Studio Solution File, Format Version 12.00
# Visual Studio Version 16
VisualStudioVersion = 16.0.29503.13
MinimumVisualStudioVersion = 10.0.40219.1
Project("{888888A0-9F3D-457C-B088-3A5042F75D52}") = "KRollerKeyboardMouse", "KRollerKeyboardMouse.pyproj", "{E982CD75-01AA-4512-A833-61C479F527EA}"
EndProject
Project("{8BC9CEB8-8B4A-11D0-8D11-00A0C91BC942}") = "KRollerClientCpp", "..\KRollerClientCpp\KRollerClientCpp.vcxproj", "{E104B05C-C24B-44C1-A1DF-FDC8A7D8DA98}"
EndProject
Project("{FAE04EC0-301F-11D3-BF4B-00C04F79EFBC}") = "KRollerClientCs", "..\KRollerClientCs\KRollerClientCs.csproj", "{99AC6FA6-41BD-41A4-B2A1-294BD1BCEA3A}"
EndProject
Global
	GlobalSection(SolutionConfigurationPlatforms) = preSolution
		Debug|Any CPU = Debug|Any CPU
		Debug|x64 = Debug|x64
		Debug|x86 = Debug|x86
		Release|Any CPU = Release|Any CPU
		Release|x64 = Release|x64
		Release|x86 = Release|x86
	EndGlobalSection
	GlobalSection(ProjectConfigurationPlatforms) = postSolution
		{E982CD75-01AA-4512-A833-61C479F527EA}.Debug|Any CPU.ActiveCfg = Debug|Any CPU
		{E982CD75-01AA-4512-A833-61C479F527EA}.Debug|x64.ActiveCfg = Debug|Any CPU
		{E982CD75-01AA-4512-A833-61C479F527EA}.Debug|x86.ActiveCfg = Debug|Any CPU
		{E982CD75-01AA-4512-A833-61C479F527EA}.Release|Any CPU.ActiveCfg = Release|Any CPU
		{E982CD75-01AA-4512-A833-61C479F527EA}.Release|x64.ActiveCfg = Release|Any CPU
		{E982CD75-01AA-4512-A833-61C479F527EA}.Release|x86.ActiveCfg = Release|Any CPU
		{E104B05C-C24B-44C1-A1DF-FDC8A7D8DA98}.Debug|Any CPU.ActiveCfg = Debug|Win32
		{E104B05C-C24B-44C1-A1DF-FDC8A7D8DA98}.Debug|x64.ActiveCfg = Debug|x64
		{E104B05C-C24B-44C1-A1DF-FDC8A7D8DA98}.Debug|x64.Build.0 = Debug|x64
		{E104B05C-C24B-44C1-A1DF-FDC8A7D8DA98}.Debug|x86.ActiveCfg = Debug|Win32
		{E104B05C-C24B-44C1-A1DF-FDC8A7D8DA98}.Debug|x86.Build.0 = Debug|Win32
		{E104B05C-C24B-44C1-A1DF-FDC8A7D8DA98}.Release|Any CPU.ActiveCfg = Release|Win32
		{E104B05C-C24B-44C1-A1DF-FDC8A7D8DA98}.Release|x64.ActiveCfg = Release|x64
		{E104B05C-C24B-44C1-A1DF-FDC8A7D8DA98}.Release|x64.Build.0 = Release|x64
		{E104B05C-C24B-44C1-A1DF-FDC8A7D8DA98}.Release|x86.ActiveCfg = Release|Win32
		{E104B05C-C24B-44C1-A1DF-FDC8A7D8DA98}.Release|x86.Build.0 = Release|Win32
		{99AC6FA6-41BD-41A4-B2A1-294BD1BCEA3A}.Debug|Any CPU.ActiveCfg = Debug|Any CPU
		{99AC6FA6-41BD-41A4-B2A1-294BD1BCEA3A}.Debug|Any CPU.Build.0 = Debug|Any CPU
		{99AC6FA6-41BD-41A4-B2A1-294BD1BCEA3A}.Debug|x64.ActiveCfg = Debug|Any CPU
		{99AC6FA6-41BD-41A4-B2A1-294BD1BCEA3A}.Debug|x64.Build.0 = Debug|Any CPU
		{99AC6FA6-41BD-41A4-B2A1-294BD1BCEA3A}.Debug|x86.ActiveCfg = Debug|Any CPU
		{99AC6FA6-41BD-41A4-B2A1-294BD1BCEA3A}.Debug|x86.Build.0 = Debug|Any CPU
		{99AC6FA6-41BD-41A4-B2A1-294BD1BCEA3A}.Release|Any CPU.ActiveCfg = Release|Any CPU
		{99AC6FA6-41BD-41A4-B2A1-294BD1BCEA3A}.Release|Any CPU.Build.0 = Release|Any CPU
		{99AC6FA6-41BD-41A4-B2A1-294BD1BCEA3A}.Release|x64.ActiveCfg = Release|Any CPU
		{99AC6FA6-41BD-41A4-B2A1-294BD1BCEA3A}.Release|x64.Build.0 = Release|Any CPU
		{99AC6FA6-41BD-41A4-B2A1-294BD1BCEA3A}.Release|x86.ActiveCfg = Release|Any CPU
		{99AC6FA6-41BD-41A4-B2A1-294BD1BCEA3A}.Release|x86.Build.0 = Release|Any CPU
	EndGlobalSection
	GlobalSection(SolutionProperties) = preSolution
		HideSolutionNode = FALSE
	EndGlobalSection
	GlobalSection(ExtensibilityGlobals) = postSolution
		SolutionGuid = {6B501F92-076F-438D-A636-5B400D6A7CEB}
	EndGlobalSection
EndGlobal
